<?xml version="1.0" encoding="utf-8"?>
<Project ToolsVersion="4.0" xmlns="http://schemas.microsoft.com/developer/msbuild/2003">
  <!-- Shader Files -->
  <ItemGroup>
    <FxCompile Include="Shaders\PostProcess\Fade_PS.hlsl">
      <Filter>Shaders\PostProcess</Filter>
    </FxCompile>
    <FxCompile Include="Shaders\PostProcess\LetterBox_PS.hlsl">
      <Filter>Shaders\PostProcess</Filter>
    </FxCompile>
    <FxCompile Include="Shaders\PostProcess\Vignetting_PS.hlsl">
      <Filter>Shaders\PostProcess</Filter>
    </FxCompile>
    <FxCompile Include="Shaders\Materials\SkyDome.hlsl">
      <Filter>Shaders\Materials</Filter>
    </FxCompile>
    <FxCompile Include="Shaders\Common\LightStructures.hlsl">
      <Filter>Shaders\Common</Filter>
    </FxCompile>
    <FxCompile Include="Shaders\Effects\Decal.hlsl">
      <Filter>Shaders\Effects</Filter>
    </FxCompile>
    <FxCompile Include="Shaders\PostProcess\GammaCorrection_PS.hlsl">
      <Filter>Shaders\PostProcess</Filter>
    </FxCompile>
    <FxCompile Include="Shaders\PostProcess\HeightFog_PS.hlsl">
      <Filter>Shaders\PostProcess</Filter>
    </FxCompile>
    <FxCompile Include="Shaders\PostProcess\TileDebugVisualization_PS.hlsl">
      <Filter>Shaders\PostProcess</Filter>
    </FxCompile>
    <FxCompile Include="Shaders\PostProcess\FXAA_PS.hlsl">
      <Filter>Shaders\PostProcess</Filter>
    </FxCompile>
    <FxCompile Include="Shaders\Utility\Blit_PS.hlsl">
      <Filter>Shaders\Utility</Filter>
    </FxCompile>
    <FxCompile Include="Shaders\Utility\FullScreenTriangle_VS.hlsl">
      <Filter>Shaders\Utility</Filter>
    </FxCompile>
    <FxCompile Include="Shaders\Utility\SceneDepth_PS.hlsl">
      <Filter>Shaders\Utility</Filter>
    </FxCompile>
    <FxCompile Include="Shaders\UI\Billboard.hlsl">
      <Filter>Shaders\UI</Filter>
    </FxCompile>
    <FxCompile Include="Shaders\UI\Gizmo.hlsl">
      <Filter>Shaders\UI</Filter>
    </FxCompile>
    <FxCompile Include="Shaders\UI\ShaderLine.hlsl">
      <Filter>Shaders\UI</Filter>
    </FxCompile>
    <FxCompile Include="Shaders\UI\TextBillboard.hlsl">
      <Filter>Shaders\UI</Filter>
    </FxCompile>
    <FxCompile Include="Shaders\Materials\UberLit.hlsl">
      <Filter>Shaders\Materials</Filter>
    </FxCompile>
    <FxCompile Include="Shaders\Common\LightingBuffers.hlsl">
      <Filter>Shaders\Common</Filter>
    </FxCompile>
    <FxCompile Include="Shaders\Common\LightingCommon.hlsl">
      <Filter>Shaders\Common</Filter>
    </FxCompile>
    <FxCompile Include="Shaders\Shadows\DepthOnly_PS.hlsl">
      <Filter>Shaders\Shadows</Filter>
    </FxCompile>
    <FxCompile Include="Shaders\Shadows\DepthOnly_VS.hlsl">
      <Filter>Shaders\Shadows</Filter>
    </FxCompile>
  </ItemGroup>
  <!-- Root Files -->
  <ItemGroup>
    <ClCompile Include="Source\Runtime\Core\Delegates\Delegate.cpp">
      <Filter>Source\Runtime\Core\Delegates</Filter>
    </ClCompile>
    <ClCompile Include="Source\Runtime\Engine\Camera\CameraShakeBase.cpp">
      <Filter>Source\Runtime\Engine\Camera</Filter>
    </ClCompile>
    <ClCompile Include="Source\Runtime\Engine\Camera\SpringArmComponent.cpp">
      <Filter>Source\Runtime\Engine\Camera</Filter>
    </ClCompile>
    <ClCompile Include="Source\Runtime\Engine\GameFramework\GameModeBase.cpp">
      <Filter>Source\Runtime\Engine\GameFramework</Filter>
    </ClCompile>
    <ClCompile Include="Source\Runtime\Engine\GameFramework\PlayerController.cpp">
      <Filter>Source\Runtime\Engine\GameFramework</Filter>
    </ClCompile>
    <ClCompile Include="Source\Runtime\Engine\GameFramework\SkyDomeActor.cpp">
      <Filter>Source\Runtime\Engine\GameFramework</Filter>
    </ClCompile>
    <ClCompile Include="Source\Runtime\Engine\Spatial\ShapeBVH.cpp">
      <Filter>Source\Runtime\Engine\Spatial</Filter>
    </ClCompile>
    <ClCompile Include="pch.cpp" />
    <ClCompile Include="main.cpp" />
    <ClCompile Include="Source\Runtime\Core\Game\CoroutineHelper.cpp">
      <Filter>Source\Runtime\Core\Game</Filter>
    </ClCompile>
    <ClCompile Include="Source\Runtime\Core\Game\YieldInstruction.cpp">
      <Filter>Source\Runtime\Core\Game</Filter>
    </ClCompile>
    <ClCompile Include="Source\Runtime\Core\Math\Vector.cpp">
      <Filter>Source\Runtime\Core\Math</Filter>
    </ClCompile>
    <ClCompile Include="Source\Runtime\Engine\Collision\Capsule.cpp">
      <Filter>Source\Runtime\Engine\Collision</Filter>
    </ClCompile>
    <ClCompile Include="Source\Runtime\Engine\Components\BoxComponent.cpp">
      <Filter>Source\Runtime\Engine\Components</Filter>
    </ClCompile>
    <ClCompile Include="Source\Runtime\Engine\Components\CapsuleComponent.cpp">
      <Filter>Source\Runtime\Engine\Components</Filter>
    </ClCompile>
    <ClCompile Include="Source\Runtime\Engine\Components\ShapeComponent.cpp">
      <Filter>Source\Runtime\Engine\Components</Filter>
    </ClCompile>
    <ClCompile Include="Source\Runtime\Engine\Components\SphereComponent.cpp">
      <Filter>Source\Runtime\Engine\Components</Filter>
    </ClCompile>
    <ClCompile Include="Source\Runtime\Engine\GameplayStatic\GameMode.cpp">
      <Filter>Source\Runtime\Engine\GameplayStatic</Filter>
    </ClCompile>
    <ClCompile Include="Source\Runtime\ScriptSys\ScriptComponent.cpp">
      <Filter>Source\Runtime\ScriptSys</Filter>
    </ClCompile>
    <ClCompile Include="Source\Runtime\ScriptSys\UScriptManager.cpp">
      <Filter>Source\Runtime\ScriptSys</Filter>
    </ClCompile>
    <ClCompile Include="Source\Runtime\Engine\Collision\CollisionQueries.cpp">
      <Filter>Source\Runtime\Engine\Collision</Filter>
    </ClCompile>
    <ClCompile Include="Source\Runtime\Renderer\LightManager.cpp">
      <Filter>Source\Runtime\Renderer</Filter>
    </ClCompile>
    <ClCompile Include="Source\Runtime\Renderer\SceneView.cpp">
      <Filter>Source\Runtime\Renderer</Filter>
    </ClCompile>
    <ClCompile Include="Source\Runtime\Renderer\TileLightCuller.cpp">
      <Filter>Source\Runtime\Renderer</Filter>
    </ClCompile>
    <ClCompile Include="Source\Runtime\Renderer\SceneRenderer.cpp">
      <Filter>Source\Runtime\Renderer</Filter>
    </ClCompile>
    <ClCompile Include="Source\Runtime\Renderer\FViewport.cpp">
      <Filter>Source\Runtime\Renderer</Filter>
    </ClCompile>
    <ClCompile Include="Source\Runtime\Renderer\FViewportClient.cpp">
      <Filter>Source\Runtime\Renderer</Filter>
    </ClCompile>
    <ClCompile Include="Source\Runtime\Renderer\Material.cpp">
      <Filter>Source\Runtime\Renderer</Filter>
    </ClCompile>
    <ClCompile Include="Source\Runtime\Renderer\QuadManager.cpp">
      <Filter>Source\Runtime\Renderer</Filter>
    </ClCompile>
    <ClCompile Include="Source\Runtime\Renderer\Renderer.cpp">
      <Filter>Source\Runtime\Renderer</Filter>
    </ClCompile>
    <ClCompile Include="Source\Runtime\Renderer\RenderManager.cpp">
      <Filter>Source\Runtime\Renderer</Filter>
    </ClCompile>
    <ClCompile Include="Source\Runtime\Renderer\Shader.cpp">
      <Filter>Source\Runtime\Renderer</Filter>
    </ClCompile>
    <ClCompile Include="Source\Runtime\Core\Object\Actor.cpp">
      <Filter>Source\Runtime\Core\Object</Filter>
    </ClCompile>
    <ClCompile Include="Source\Runtime\Core\Object\ActorComponent.cpp">
      <Filter>Source\Runtime\Core\Object</Filter>
    </ClCompile>
    <ClCompile Include="Source\Runtime\Core\Object\Object.cpp">
      <Filter>Source\Runtime\Core\Object</Filter>
    </ClCompile>
    <ClCompile Include="Source\Runtime\Core\Object\ObjectFactory.cpp">
      <Filter>Source\Runtime\Core\Object</Filter>
    </ClCompile>
    <ClCompile Include="Source\Runtime\Core\Containers\UEContainer.cpp">
      <Filter>Source\Runtime\Core\Containers</Filter>
    </ClCompile>
    <ClCompile Include="Source\Runtime\Core\Misc\Color.cpp">
      <Filter>Source\Runtime\Core\Misc</Filter>
    </ClCompile>
    <ClCompile Include="Source\Runtime\Core\Misc\FName.cpp">
      <Filter>Source\Runtime\Core\Misc</Filter>
    </ClCompile>
    <ClCompile Include="Source\Runtime\Core\Memory\MemoryManager.cpp">
      <Filter>Source\Runtime\Core\Memory</Filter>
    </ClCompile>
    <ClCompile Include="Source\Runtime\Core\Memory\PlatformTime.cpp">
      <Filter>Source\Runtime\Core\Memory</Filter>
    </ClCompile>
    <ClCompile Include="Source\Runtime\Engine\GameFramework\PlayerCameraManager.cpp">
      <Filter>Source\Runtime\Engine\GameFramework</Filter>
    </ClCompile>
    <ClCompile Include="Source\Runtime\Engine\GameFramework\AmbientLightActor.cpp">
      <Filter>Source\Runtime\Engine\GameFramework</Filter>
    </ClCompile>
    <ClCompile Include="Source\Runtime\Engine\GameFramework\DirectionalLightActor.cpp">
      <Filter>Source\Runtime\Engine\GameFramework</Filter>
    </ClCompile>
    <ClCompile Include="Source\Runtime\Engine\GameFramework\EmptyActor.cpp">
      <Filter>Source\Runtime\Engine\GameFramework</Filter>
    </ClCompile>
    <ClCompile Include="Source\Runtime\Engine\GameFramework\HeightFogActor.cpp">
      <Filter>Source\Runtime\Engine\GameFramework</Filter>
    </ClCompile>
    <ClCompile Include="Source\Runtime\Engine\GameFramework\Info.cpp">
      <Filter>Source\Runtime\Engine\GameFramework</Filter>
    </ClCompile>
    <ClCompile Include="Source\Runtime\Engine\GameFramework\PointLightActor.cpp">
      <Filter>Source\Runtime\Engine\GameFramework</Filter>
    </ClCompile>
    <ClCompile Include="Source\Runtime\Engine\GameFramework\SpotLightActor.cpp">
      <Filter>Source\Runtime\Engine\GameFramework</Filter>
    </ClCompile>
    <ClCompile Include="Source\Runtime\Engine\GameFramework\CameraActor.cpp">
      <Filter>Source\Runtime\Engine\GameFramework</Filter>
    </ClCompile>
    <ClCompile Include="Source\Runtime\Engine\GameFramework\DecalActor.cpp">
      <Filter>Source\Runtime\Engine\GameFramework</Filter>
    </ClCompile>
    <ClCompile Include="Source\Runtime\Engine\GameFramework\EditorEngine.cpp">
      <Filter>Source\Runtime\Engine\GameFramework</Filter>
    </ClCompile>
    <ClCompile Include="Source\Runtime\Engine\GameFramework\FakeSpotLightActor.cpp">
      <Filter>Source\Runtime\Engine\GameFramework</Filter>
    </ClCompile>
    <ClCompile Include="Source\Runtime\Engine\GameFramework\Level.cpp">
      <Filter>Source\Runtime\Engine\GameFramework</Filter>
    </ClCompile>
    <ClCompile Include="Source\Runtime\Engine\GameFramework\StaticMeshActor.cpp">
      <Filter>Source\Runtime\Engine\GameFramework</Filter>
    </ClCompile>
    <ClCompile Include="Source\Runtime\Engine\GameFramework\World.cpp">
      <Filter>Source\Runtime\Engine\GameFramework</Filter>
    </ClCompile>
    <ClCompile Include="Source\Runtime\Engine\GameFramework\WorldPartitionManager.cpp">
      <Filter>Source\Runtime\Engine\GameFramework</Filter>
    </ClCompile>
    <ClCompile Include="Source\Runtime\Engine\Components\AmbientLightComponent.cpp">
      <Filter>Source\Runtime\Engine\Components</Filter>
    </ClCompile>
    <ClCompile Include="Source\Runtime\Engine\Components\DirectionalLightComponent.cpp">
      <Filter>Source\Runtime\Engine\Components</Filter>
    </ClCompile>
    <ClCompile Include="Source\Runtime\Engine\Components\LightComponent.cpp">
      <Filter>Source\Runtime\Engine\Components</Filter>
    </ClCompile>
    <ClCompile Include="Source\Runtime\Engine\Components\LightComponentBase.cpp">
      <Filter>Source\Runtime\Engine\Components</Filter>
    </ClCompile>
    <ClCompile Include="Source\Runtime\Engine\Components\LocalLightComponent.cpp">
      <Filter>Source\Runtime\Engine\Components</Filter>
    </ClCompile>
    <ClCompile Include="Source\Runtime\Engine\Components\MovementComponent.cpp">
      <Filter>Source\Runtime\Engine\Components</Filter>
    </ClCompile>
    <ClCompile Include="Source\Runtime\Engine\Components\PointLightComponent.cpp">
      <Filter>Source\Runtime\Engine\Components</Filter>
    </ClCompile>
    <ClCompile Include="Source\Runtime\Engine\Components\ProjectileMovementComponent.cpp">
      <Filter>Source\Runtime\Engine\Components</Filter>
    </ClCompile>
    <ClCompile Include="Source\Runtime\Engine\Components\RotatingMovementComponent.cpp">
      <Filter>Source\Runtime\Engine\Components</Filter>
    </ClCompile>
    <ClCompile Include="Source\Runtime\Engine\Components\SpotLightComponent.cpp">
      <Filter>Source\Runtime\Engine\Components</Filter>
    </ClCompile>
    <ClCompile Include="Source\Runtime\Engine\Components\BillboardComponent.cpp">
      <Filter>Source\Runtime\Engine\Components</Filter>
    </ClCompile>
    <ClCompile Include="Source\Runtime\Engine\Components\CameraComponent.cpp">
      <Filter>Source\Runtime\Engine\Components</Filter>
    </ClCompile>
    <ClCompile Include="Source\Runtime\Engine\Components\DecalComponent.cpp">
      <Filter>Source\Runtime\Engine\Components</Filter>
    </ClCompile>
    <ClCompile Include="Source\Runtime\Engine\Components\HeightFogComponent.cpp">
      <Filter>Source\Runtime\Engine\Components</Filter>
    </ClCompile>
    <ClCompile Include="Source\Runtime\Engine\Components\LineComponent.cpp">
      <Filter>Source\Runtime\Engine\Components</Filter>
    </ClCompile>
    <ClCompile Include="Source\Runtime\Engine\Components\MeshComponent.cpp">
      <Filter>Source\Runtime\Engine\Components</Filter>
    </ClCompile>
    <ClCompile Include="Source\Runtime\Engine\Components\PerspectiveDecalComponent.cpp">
      <Filter>Source\Runtime\Engine\Components</Filter>
    </ClCompile>
    <ClCompile Include="Source\Runtime\Engine\Components\PrimitiveComponent.cpp">
      <Filter>Source\Runtime\Engine\Components</Filter>
    </ClCompile>
    <ClCompile Include="Source\Runtime\Engine\Components\SceneComponent.cpp">
      <Filter>Source\Runtime\Engine\Components</Filter>
    </ClCompile>
    <ClCompile Include="Source\Runtime\Engine\Components\StaticMeshComponent.cpp">
      <Filter>Source\Runtime\Engine\Components</Filter>
    </ClCompile>
    <ClCompile Include="Source\Runtime\Engine\Components\TextRenderComponent.cpp">
      <Filter>Source\Runtime\Engine\Components</Filter>
    </ClCompile>
    <ClCompile Include="Source\Runtime\Engine\Collision\AABB.cpp">
      <Filter>Source\Runtime\Engine\Collision</Filter>
    </ClCompile>
    <ClCompile Include="Source\Runtime\Engine\Collision\BoundingSphere.cpp">
      <Filter>Source\Runtime\Engine\Collision</Filter>
    </ClCompile>
    <ClCompile Include="Source\Runtime\Engine\Collision\CollisionManager.cpp">
      <Filter>Source\Runtime\Engine\Collision</Filter>
    </ClCompile>
    <ClCompile Include="Source\Runtime\Engine\Collision\Frustum.cpp">
      <Filter>Source\Runtime\Engine\Collision</Filter>
    </ClCompile>
    <ClCompile Include="Source\Runtime\Engine\Collision\OBB.cpp">
      <Filter>Source\Runtime\Engine\Collision</Filter>
    </ClCompile>
    <ClCompile Include="Source\Runtime\Engine\Collision\Picking.cpp">
      <Filter>Source\Runtime\Engine\Collision</Filter>
    </ClCompile>
    <ClCompile Include="Source\Runtime\Engine\Spatial\BVHierarchy.cpp">
      <Filter>Source\Runtime\Engine\Spatial</Filter>
    </ClCompile>
    <ClCompile Include="Source\Runtime\Engine\Spatial\MeshBVH.cpp">
      <Filter>Source\Runtime\Engine\Spatial</Filter>
    </ClCompile>
    <ClCompile Include="Source\Runtime\Engine\Spatial\Occlusion.cpp">
      <Filter>Source\Runtime\Engine\Spatial</Filter>
    </ClCompile>
    <ClCompile Include="Source\Runtime\Engine\Spatial\Octree.cpp">
      <Filter>Source\Runtime\Engine\Spatial</Filter>
    </ClCompile>
    <ClCompile Include="Source\Runtime\RHI\D3D11RHI.cpp">
      <Filter>Source\Runtime\RHI</Filter>
    </ClCompile>
    <ClCompile Include="Source\Runtime\RHI\PipelineStateManager.cpp">
      <Filter>Source\Runtime\RHI</Filter>
    </ClCompile>
    <ClCompile Include="Source\Runtime\RHI\PipelineStateObject.cpp">
      <Filter>Source\Runtime\RHI</Filter>
    </ClCompile>
    <ClCompile Include="Source\Runtime\RHI\RHIDevice.cpp">
      <Filter>Source\Runtime\RHI</Filter>
    </ClCompile>
    <ClCompile Include="Source\Runtime\AssetManagement\DynamicMesh.cpp">
      <Filter>Source\Runtime\AssetManagement</Filter>
    </ClCompile>
    <ClCompile Include="Source\Runtime\AssetManagement\Line.cpp">
      <Filter>Source\Runtime\AssetManagement</Filter>
    </ClCompile>
    <ClCompile Include="Source\Runtime\AssetManagement\LineDynamicMesh.cpp">
      <Filter>Source\Runtime\AssetManagement</Filter>
    </ClCompile>
    <ClCompile Include="Source\Runtime\AssetManagement\MeshLoader.cpp">
      <Filter>Source\Runtime\AssetManagement</Filter>
    </ClCompile>
    <ClCompile Include="Source\Runtime\AssetManagement\Quad.cpp">
      <Filter>Source\Runtime\AssetManagement</Filter>
    </ClCompile>
    <ClCompile Include="Source\Runtime\AssetManagement\ResourceBase.cpp">
      <Filter>Source\Runtime\AssetManagement</Filter>
    </ClCompile>
    <ClCompile Include="Source\Runtime\AssetManagement\ResourceManager.cpp">
      <Filter>Source\Runtime\AssetManagement</Filter>
    </ClCompile>
    <ClCompile Include="Source\Runtime\AssetManagement\StaticMesh.cpp">
      <Filter>Source\Runtime\AssetManagement</Filter>
    </ClCompile>
    <ClCompile Include="Source\Runtime\AssetManagement\Texture.cpp">
      <Filter>Source\Runtime\AssetManagement</Filter>
    </ClCompile>
    <ClCompile Include="Source\Runtime\AssetManagement\TextureConverter.cpp">
      <Filter>Source\Runtime\AssetManagement</Filter>
    </ClCompile>
    <ClCompile Include="Source\Runtime\InputCore\InputMappingContext.cpp">
      <Filter>Source\Runtime\InputCore</Filter>
    </ClCompile>
    <ClCompile Include="Source\Runtime\InputCore\InputMappingSubsystem.cpp">
      <Filter>Source\Runtime\InputCore</Filter>
    </ClCompile>
    <ClCompile Include="Source\Runtime\InputCore\InputManager.cpp">
      <Filter>Source\Runtime\InputCore</Filter>
    </ClCompile>
    <ClCompile Include="Source\Editor\ObjManager.cpp">
      <Filter>Source\Editor</Filter>
    </ClCompile>
    <ClCompile Include="Source\Editor\SelectionManager.cpp">
      <Filter>Source\Editor</Filter>
    </ClCompile>
    <ClCompile Include="Source\Editor\Gizmo\GizmoActor.cpp">
      <Filter>Source\Editor\Gizmo</Filter>
    </ClCompile>
    <ClCompile Include="Source\Editor\Gizmo\GizmoArrowComponent.cpp">
      <Filter>Source\Editor\Gizmo</Filter>
    </ClCompile>
    <ClCompile Include="Source\Editor\Gizmo\GizmoRotateComponent.cpp">
      <Filter>Source\Editor\Gizmo</Filter>
    </ClCompile>
    <ClCompile Include="Source\Editor\Gizmo\GizmoScaleComponent.cpp">
      <Filter>Source\Editor\Gizmo</Filter>
    </ClCompile>
    <ClCompile Include="Source\Editor\Grid\GridActor.cpp">
      <Filter>Source\Editor\Grid</Filter>
    </ClCompile>
    <ClCompile Include="Source\Editor\Clipboard\ClipboardManager.cpp">
      <Filter>Source\Editor\Clipboard</Filter>
    </ClCompile>
    <ClCompile Include="Source\Slate\GlobalConsole.cpp">
      <Filter>Source\Slate</Filter>
    </ClCompile>
    <ClCompile Include="Source\Slate\StatsOverlayD2D.cpp">
      <Filter>Source\Slate</Filter>
    </ClCompile>
    <ClCompile Include="Source\Slate\UIManager.cpp">
      <Filter>Source\Slate</Filter>
    </ClCompile>
    <ClCompile Include="Source\Slate\USlateManager.cpp">
      <Filter>Source\Slate</Filter>
    </ClCompile>
    <ClCompile Include="Source\Slate\Widgets\PropertyRenderer.cpp">
      <Filter>Source\Slate\Widgets</Filter>
    </ClCompile>
    <ClCompile Include="Source\Slate\Widgets\ConsoleWidget.cpp">
      <Filter>Source\Slate\Widgets</Filter>
    </ClCompile>
    <ClCompile Include="Source\Slate\Widgets\InputInformationWidget.cpp">
      <Filter>Source\Slate\Widgets</Filter>
    </ClCompile>
    <ClCompile Include="Source\Slate\Widgets\MainToolbarWidget.cpp">
      <Filter>Source\Slate\Widgets</Filter>
    </ClCompile>
    <ClCompile Include="Source\Slate\Widgets\SceneManagerWidget.cpp">
      <Filter>Source\Slate\Widgets</Filter>
    </ClCompile>
    <ClCompile Include="Source\Slate\Widgets\TargetActorTransformWidget.cpp">
      <Filter>Source\Slate\Widgets</Filter>
    </ClCompile>
    <ClCompile Include="Source\Slate\Widgets\Widget.cpp">
      <Filter>Source\Slate\Widgets</Filter>
    </ClCompile>
    <ClCompile Include="Source\Slate\Windows\ConsoleWindow.cpp">
      <Filter>Source\Slate\Windows</Filter>
    </ClCompile>
    <ClCompile Include="Source\Slate\Windows\ControlPanelWindow.cpp">
      <Filter>Source\Slate\Windows</Filter>
    </ClCompile>
    <ClCompile Include="Source\Slate\Windows\ExperimentalFeatureWindow.cpp">
      <Filter>Source\Slate\Windows</Filter>
    </ClCompile>
    <ClCompile Include="Source\Slate\Windows\PropertyWindow.cpp">
      <Filter>Source\Slate\Windows</Filter>
    </ClCompile>
    <ClCompile Include="Source\Slate\Windows\SceneWindow.cpp">
      <Filter>Source\Slate\Windows</Filter>
    </ClCompile>
    <ClCompile Include="Source\Slate\Windows\SControlPanel.cpp">
      <Filter>Source\Slate\Windows</Filter>
    </ClCompile>
    <ClCompile Include="Source\Slate\Windows\SDetailsWindow.cpp">
      <Filter>Source\Slate\Windows</Filter>
    </ClCompile>
    <ClCompile Include="Source\Slate\Windows\SSplitter.cpp">
      <Filter>Source\Slate\Windows</Filter>
    </ClCompile>
    <ClCompile Include="Source\Slate\Windows\SSplitterH.cpp">
      <Filter>Source\Slate\Windows</Filter>
    </ClCompile>
    <ClCompile Include="Source\Slate\Windows\SSplitterV.cpp">
      <Filter>Source\Slate\Windows</Filter>
    </ClCompile>
    <ClCompile Include="Source\Slate\Windows\SViewportWindow.cpp">
      <Filter>Source\Slate\Windows</Filter>
    </ClCompile>
    <ClCompile Include="Source\Slate\Windows\SWindow.cpp">
      <Filter>Source\Slate\Windows</Filter>
    </ClCompile>
    <ClCompile Include="Source\Slate\Windows\UIWindow.cpp">
      <Filter>Source\Slate\Windows</Filter>
    </ClCompile>
    <ClCompile Include="Source\Slate\Factory\UIWindowFactory.cpp">
      <Filter>Source\Slate\Factory</Filter>
    </ClCompile>
    <ClCompile Include="Source\Slate\ImGui\ImGuiHelper.cpp">
      <Filter>Source\Slate\ImGui</Filter>
    </ClCompile>
    <ClCompile Include="ThirdParty\ImGui\imgui.cpp">
      <Filter>ThirdParty\ImGui</Filter>
    </ClCompile>
    <ClCompile Include="ThirdParty\ImGui\imgui_demo.cpp">
      <Filter>ThirdParty\ImGui</Filter>
    </ClCompile>
    <ClCompile Include="ThirdParty\ImGui\imgui_draw.cpp">
      <Filter>ThirdParty\ImGui</Filter>
    </ClCompile>
    <ClCompile Include="ThirdParty\ImGui\imgui_impl_dx11.cpp">
      <Filter>ThirdParty\ImGui</Filter>
    </ClCompile>
    <ClCompile Include="ThirdParty\ImGui\imgui_impl_win32.cpp">
      <Filter>ThirdParty\ImGui</Filter>
    </ClCompile>
    <ClCompile Include="ThirdParty\ImGui\imgui_tables.cpp">
      <Filter>ThirdParty\ImGui</Filter>
    </ClCompile>
    <ClCompile Include="ThirdParty\ImGui\imgui_widgets.cpp">
      <Filter>ThirdParty\ImGui</Filter>
    </ClCompile>
    <ClCompile Include="Source\Runtime\Engine\Camera\CameraModifier.cpp">
      <Filter>Source\Runtime\Engine\Camera</Filter>
    </ClCompile>
    <ClCompile Include="Source\Runtime\Engine\Camera\CameraModifierFade.cpp" />
    <ClCompile Include="Source\Runtime\Engine\Camera\CameraModifierGammaCorrection.cpp" />
    <ClCompile Include="Source\Runtime\Engine\Camera\CameraModifierLetterbox.cpp" />
    <ClCompile Include="Source\Runtime\Engine\Camera\CameraModifierVignette.cpp" />
  </ItemGroup>
  <!-- ThirdParty/ImGui Files -->
  <!-- Source Files -->
  <!-- Source Header Files -->
  <ItemGroup>
    <!-- Source\Editor\Gizmo -->
    <!-- Source\Editor\Grid -->
    <!-- Source\Editor -->
    <!-- Source\Runtime\AssetManagement -->
    <!-- Source\Runtime\Core\Containers -->
    <!-- Source\Runtime\Core\Math -->
    <!-- Source\Runtime\Core\Memory -->
    <!-- Source\Runtime\Core\Misc -->
    <!-- Source\Runtime\Core\Object -->
    <!-- Source\Runtime\Engine\Collision -->
    <!-- Source\Runtime\Engine\Components -->
    <!-- Source\Runtime\Engine\GameFramework -->
    <!-- Source\Runtime\Engine\Spatial -->
    <!-- Source\Runtime\InputCore -->
    <!-- Source\Runtime\Renderer -->
    <!-- Source\Runtime\RHI -->
    <!-- Source\Slate\Factory -->
    <!-- Source\Slate\ImGui -->
    <!-- Source\Slate -->
    <!-- Source\Slate\Widgets -->
    <!-- Source\Slate\Windows -->
    <ClInclude Include="Source\Runtime\Core\Delegates\Delegate.h">
      <Filter>Source\Runtime\Core\Delegates</Filter>
    </ClInclude>
    <ClInclude Include="Source\Runtime\Engine\Camera\CameraShakeBase.h">
      <Filter>Source\Runtime\Engine\Camera</Filter>
    </ClInclude>
    <ClInclude Include="Source\Runtime\Engine\Camera\SpringArmComponent.h">
      <Filter>Source\Runtime\Engine\Camera</Filter>
    </ClInclude>
    <ClInclude Include="Source\Runtime\Engine\GameFramework\GameModeBase.h">
      <Filter>Source\Runtime\Engine\GameFramework</Filter>
    </ClInclude>
    <ClInclude Include="Source\Runtime\Engine\GameFramework\PlayerController.h">
      <Filter>Source\Runtime\Engine\GameFramework</Filter>
    </ClInclude>
    <ClInclude Include="Source\Runtime\Engine\GameFramework\SkyDomeActor.h">
      <Filter>Source\Runtime\Engine\GameFramework</Filter>
    </ClInclude>
    <ClInclude Include="Source\Runtime\Engine\Spatial\ShapeBVH.h">
      <Filter>Source\Runtime\Engine\Spatial</Filter>
    </ClInclude>
    <ClInclude Include="Source\Runtime\Core\Game\CoroutineHelper.h">
      <Filter>Source\Runtime\Core\Game</Filter>
    </ClInclude>
    <ClInclude Include="Source\Runtime\Core\Game\YieldInstruction.h">
      <Filter>Source\Runtime\Core\Game</Filter>
    </ClInclude>
    <ClInclude Include="Source\Runtime\Core\Misc\Axis.h">
      <Filter>Source\Runtime\Core\Misc</Filter>
    </ClInclude>
    <ClInclude Include="Source\Runtime\Engine\Collision\Capsule.h">
      <Filter>Source\Runtime\Engine\Collision</Filter>
    </ClInclude>
    <ClInclude Include="Source\Runtime\Engine\Components\BoxComponent.h">
      <Filter>Source\Runtime\Engine\Components</Filter>
    </ClInclude>
    <ClInclude Include="Source\Runtime\Engine\Components\CapsuleComponent.h">
      <Filter>Source\Runtime\Engine\Components</Filter>
    </ClInclude>
    <ClInclude Include="Source\Runtime\Engine\Components\ShapeComponent.h">
      <Filter>Source\Runtime\Engine\Components</Filter>
    </ClInclude>
    <ClInclude Include="Source\Runtime\Engine\Components\SphereComponent.h">
      <Filter>Source\Runtime\Engine\Components</Filter>
    </ClInclude>
    <ClInclude Include="Source\Runtime\Engine\GameplayStatic\GameMode.h">
      <Filter>Source\Runtime\Engine\GameplayStatic</Filter>
    </ClInclude>
    <ClInclude Include="Source\Runtime\ScriptSys\ScriptComponent.h">
      <Filter>Source\Runtime\ScriptSys</Filter>
    </ClInclude>
    <ClInclude Include="Source\Runtime\ScriptSys\ScriptUtils.h">
      <Filter>Source\Runtime\ScriptSys</Filter>
    </ClInclude>
    <ClInclude Include="Source\Runtime\ScriptSys\UScriptManager.h">
      <Filter>Source\Runtime\ScriptSys</Filter>
    </ClInclude>
    <ClInclude Include="Source\Runtime\Engine\Collision\CollisionQueries.h">
      <Filter>Source\Runtime\Engine\Collision</Filter>
    </ClInclude>
    <ClInclude Include="Source\Runtime\Renderer\LightManager.h">
      <Filter>Source\Runtime\Renderer</Filter>
    </ClInclude>
    <ClInclude Include="Source\Runtime\Renderer\MeshBatchElement.h">
      <Filter>Source\Runtime\Renderer</Filter>
    </ClInclude>
    <ClInclude Include="Source\Runtime\Renderer\SceneView.h">
      <Filter>Source\Runtime\Renderer</Filter>
    </ClInclude>
    <ClInclude Include="Source\Runtime\Renderer\TileCullingStats.h">
      <Filter>Source\Runtime\Renderer</Filter>
    </ClInclude>
    <ClInclude Include="Source\Runtime\Renderer\TileLightCuller.h">
      <Filter>Source\Runtime\Renderer</Filter>
    </ClInclude>
    <ClInclude Include="Source\Runtime\Renderer\DecalStatManager.h">
      <Filter>Source\Runtime\Renderer</Filter>
    </ClInclude>
    <ClInclude Include="Source\Runtime\Renderer\SceneRenderer.h">
      <Filter>Source\Runtime\Renderer</Filter>
    </ClInclude>
    <ClInclude Include="Source\Runtime\Renderer\FViewport.h">
      <Filter>Source\Runtime\Renderer</Filter>
    </ClInclude>
    <ClInclude Include="Source\Runtime\Renderer\FViewportClient.h">
      <Filter>Source\Runtime\Renderer</Filter>
    </ClInclude>
    <ClInclude Include="Source\Runtime\Renderer\Material.h">
      <Filter>Source\Runtime\Renderer</Filter>
    </ClInclude>
    <ClInclude Include="Source\Runtime\Renderer\QuadManager.h">
      <Filter>Source\Runtime\Renderer</Filter>
    </ClInclude>
    <ClInclude Include="Source\Runtime\Renderer\Renderer.h">
      <Filter>Source\Runtime\Renderer</Filter>
    </ClInclude>
    <ClInclude Include="Source\Runtime\Renderer\RenderManager.h">
      <Filter>Source\Runtime\Renderer</Filter>
    </ClInclude>
    <ClInclude Include="Source\Runtime\Renderer\RenderSettings.h">
      <Filter>Source\Runtime\Renderer</Filter>
    </ClInclude>
    <ClInclude Include="Source\Runtime\Renderer\Shader.h">
      <Filter>Source\Runtime\Renderer</Filter>
    </ClInclude>
    <ClInclude Include="Source\Runtime\Core\Object\Property.h">
      <Filter>Source\Runtime\Core\Object</Filter>
    </ClInclude>
    <ClInclude Include="Source\Runtime\Core\Object\Actor.h">
      <Filter>Source\Runtime\Core\Object</Filter>
    </ClInclude>
    <ClInclude Include="Source\Runtime\Core\Object\ActorComponent.h">
      <Filter>Source\Runtime\Core\Object</Filter>
    </ClInclude>
    <ClInclude Include="Source\Runtime\Core\Object\Object.h">
      <Filter>Source\Runtime\Core\Object</Filter>
    </ClInclude>
    <ClInclude Include="Source\Runtime\Core\Object\ObjectFactory.h">
      <Filter>Source\Runtime\Core\Object</Filter>
    </ClInclude>
    <ClInclude Include="Source\Runtime\Core\Math\Vector.h">
      <Filter>Source\Runtime\Core\Math</Filter>
    </ClInclude>
    <ClInclude Include="Source\Runtime\Core\Containers\UEContainer.h">
      <Filter>Source\Runtime\Core\Containers</Filter>
    </ClInclude>
    <ClInclude Include="Source\Runtime\Core\Misc\PostProcessSettings.h">
      <Filter>Source\Runtime\Core\Misc</Filter>
    </ClInclude>
    <ClInclude Include="Source\Runtime\Core\Misc\PathUtils.h">
      <Filter>Source\Runtime\Core\Misc</Filter>
    </ClInclude>
    <ClInclude Include="Source\Runtime\Core\Misc\Archive.h">
      <Filter>Source\Runtime\Core\Misc</Filter>
    </ClInclude>
    <ClInclude Include="Source\Runtime\Core\Misc\Color.h">
      <Filter>Source\Runtime\Core\Misc</Filter>
    </ClInclude>
    <ClInclude Include="Source\Runtime\Core\Misc\Enums.h">
      <Filter>Source\Runtime\Core\Misc</Filter>
    </ClInclude>
    <ClInclude Include="Source\Runtime\Core\Misc\JsonSerializer.h">
      <Filter>Source\Runtime\Core\Misc</Filter>
    </ClInclude>
    <ClInclude Include="Source\Runtime\Core\Misc\Name.h">
      <Filter>Source\Runtime\Core\Misc</Filter>
    </ClInclude>
    <ClInclude Include="Source\Runtime\Core\Misc\ObjectIterator.h">
      <Filter>Source\Runtime\Core\Misc</Filter>
    </ClInclude>
    <ClInclude Include="Source\Runtime\Core\Misc\VertexData.h">
      <Filter>Source\Runtime\Core\Misc</Filter>
    </ClInclude>
    <ClInclude Include="Source\Runtime\Core\Misc\WindowsBinReader.h">
      <Filter>Source\Runtime\Core\Misc</Filter>
    </ClInclude>
    <ClInclude Include="Source\Runtime\Core\Misc\WindowsBinWriter.h">
      <Filter>Source\Runtime\Core\Misc</Filter>
    </ClInclude>
    <ClInclude Include="Source\Runtime\Core\Memory\MemoryManager.h">
      <Filter>Source\Runtime\Core\Memory</Filter>
    </ClInclude>
    <ClInclude Include="Source\Runtime\Core\Memory\PlatformTime.h">
      <Filter>Source\Runtime\Core\Memory</Filter>
    </ClInclude>
    <ClInclude Include="Source\Runtime\Engine\GameFramework\PlayerCameraManager.h">
      <Filter>Source\Runtime\Engine\GameFramework</Filter>
    </ClInclude>
    <ClInclude Include="Source\Runtime\Engine\GameFramework\AmbientLightActor.h">
      <Filter>Source\Runtime\Engine\GameFramework</Filter>
    </ClInclude>
    <ClInclude Include="Source\Runtime\Engine\GameFramework\DirectionalLightActor.h">
      <Filter>Source\Runtime\Engine\GameFramework</Filter>
    </ClInclude>
    <ClInclude Include="Source\Runtime\Engine\GameFramework\EmptyActor.h">
      <Filter>Source\Runtime\Engine\GameFramework</Filter>
    </ClInclude>
    <ClInclude Include="Source\Runtime\Engine\GameFramework\HeightFogActor.h">
      <Filter>Source\Runtime\Engine\GameFramework</Filter>
    </ClInclude>
    <ClInclude Include="Source\Runtime\Engine\GameFramework\Info.h">
      <Filter>Source\Runtime\Engine\GameFramework</Filter>
    </ClInclude>
    <ClInclude Include="Source\Runtime\Engine\GameFramework\PointLightActor.h">
      <Filter>Source\Runtime\Engine\GameFramework</Filter>
    </ClInclude>
    <ClInclude Include="Source\Runtime\Engine\GameFramework\SpotLightActor.h">
      <Filter>Source\Runtime\Engine\GameFramework</Filter>
    </ClInclude>
    <ClInclude Include="Source\Runtime\Engine\GameFramework\CameraActor.h">
      <Filter>Source\Runtime\Engine\GameFramework</Filter>
    </ClInclude>
    <ClInclude Include="Source\Runtime\Engine\GameFramework\DecalActor.h">
      <Filter>Source\Runtime\Engine\GameFramework</Filter>
    </ClInclude>
    <ClInclude Include="Source\Runtime\Engine\GameFramework\EditorEngine.h">
      <Filter>Source\Runtime\Engine\GameFramework</Filter>
    </ClInclude>
    <ClInclude Include="Source\Runtime\Engine\GameFramework\FakeSpotLightActor.h">
      <Filter>Source\Runtime\Engine\GameFramework</Filter>
    </ClInclude>
    <ClInclude Include="Source\Runtime\Engine\GameFramework\Level.h">
      <Filter>Source\Runtime\Engine\GameFramework</Filter>
    </ClInclude>
    <ClInclude Include="Source\Runtime\Engine\GameFramework\StaticMeshActor.h">
      <Filter>Source\Runtime\Engine\GameFramework</Filter>
    </ClInclude>
    <ClInclude Include="Source\Runtime\Engine\GameFramework\World.h">
      <Filter>Source\Runtime\Engine\GameFramework</Filter>
    </ClInclude>
    <ClInclude Include="Source\Runtime\Engine\Components\MovementComponent.h">
      <Filter>Source\Runtime\Engine\Components</Filter>
    </ClInclude>
    <ClInclude Include="Source\Runtime\Engine\Components\ProjectileMovementComponent.h">
      <Filter>Source\Runtime\Engine\Components</Filter>
    </ClInclude>
    <ClInclude Include="Source\Runtime\Engine\Components\RotatingMovementComponent.h">
      <Filter>Source\Runtime\Engine\Components</Filter>
    </ClInclude>
    <ClInclude Include="Source\Runtime\Engine\Components\AmbientLightComponent.h">
      <Filter>Source\Runtime\Engine\Components</Filter>
    </ClInclude>
    <ClInclude Include="Source\Runtime\Engine\Components\DirectionalLightComponent.h">
      <Filter>Source\Runtime\Engine\Components</Filter>
    </ClInclude>
    <ClInclude Include="Source\Runtime\Engine\Components\LightComponent.h">
      <Filter>Source\Runtime\Engine\Components</Filter>
    </ClInclude>
    <ClInclude Include="Source\Runtime\Engine\Components\LightComponentBase.h">
      <Filter>Source\Runtime\Engine\Components</Filter>
    </ClInclude>
    <ClInclude Include="Source\Runtime\Engine\Components\LocalLightComponent.h">
      <Filter>Source\Runtime\Engine\Components</Filter>
    </ClInclude>
    <ClInclude Include="Source\Runtime\Engine\Components\PointLightComponent.h">
      <Filter>Source\Runtime\Engine\Components</Filter>
    </ClInclude>
    <ClInclude Include="Source\Runtime\Engine\Components\SpotLightComponent.h">
      <Filter>Source\Runtime\Engine\Components</Filter>
    </ClInclude>
    <ClInclude Include="Source\Runtime\Engine\Components\BillboardComponent.h">
      <Filter>Source\Runtime\Engine\Components</Filter>
    </ClInclude>
    <ClInclude Include="Source\Runtime\Engine\Components\CameraComponent.h">
      <Filter>Source\Runtime\Engine\Components</Filter>
    </ClInclude>
    <ClInclude Include="Source\Runtime\Engine\Components\DecalComponent.h">
      <Filter>Source\Runtime\Engine\Components</Filter>
    </ClInclude>
    <ClInclude Include="Source\Runtime\Engine\Components\HeightFogComponent.h">
      <Filter>Source\Runtime\Engine\Components</Filter>
    </ClInclude>
    <ClInclude Include="Source\Runtime\Engine\Components\LineComponent.h">
      <Filter>Source\Runtime\Engine\Components</Filter>
    </ClInclude>
    <ClInclude Include="Source\Runtime\Engine\Components\MeshComponent.h">
      <Filter>Source\Runtime\Engine\Components</Filter>
    </ClInclude>
    <ClInclude Include="Source\Runtime\Engine\Components\PerspectiveDecalComponent.h">
      <Filter>Source\Runtime\Engine\Components</Filter>
    </ClInclude>
    <ClInclude Include="Source\Runtime\Engine\Components\PrimitiveComponent.h">
      <Filter>Source\Runtime\Engine\Components</Filter>
    </ClInclude>
    <ClInclude Include="Source\Runtime\Engine\Components\SceneComponent.h">
      <Filter>Source\Runtime\Engine\Components</Filter>
    </ClInclude>
    <ClInclude Include="Source\Runtime\Engine\Components\StaticMeshComponent.h">
      <Filter>Source\Runtime\Engine\Components</Filter>
    </ClInclude>
    <ClInclude Include="Source\Runtime\Engine\Components\TextRenderComponent.h">
      <Filter>Source\Runtime\Engine\Components</Filter>
    </ClInclude>
    <ClInclude Include="Source\Runtime\Engine\Collision\AABB.h">
      <Filter>Source\Runtime\Engine\Collision</Filter>
    </ClInclude>
    <ClInclude Include="Source\Runtime\Engine\Collision\BoundingSphere.h">
      <Filter>Source\Runtime\Engine\Collision</Filter>
    </ClInclude>
    <ClInclude Include="Source\Runtime\Engine\Collision\CollisionManager.h">
      <Filter>Source\Runtime\Engine\Collision</Filter>
    </ClInclude>
    <ClInclude Include="Source\Runtime\Engine\Collision\Frustum.h">
      <Filter>Source\Runtime\Engine\Collision</Filter>
    </ClInclude>
    <ClInclude Include="Source\Runtime\Engine\Collision\OBB.h">
      <Filter>Source\Runtime\Engine\Collision</Filter>
    </ClInclude>
    <ClInclude Include="Source\Runtime\Engine\Collision\Picking.h">
      <Filter>Source\Runtime\Engine\Collision</Filter>
    </ClInclude>
    <ClInclude Include="Source\Runtime\Engine\Spatial\BVHierarchy.h">
      <Filter>Source\Runtime\Engine\Spatial</Filter>
    </ClInclude>
    <ClInclude Include="Source\Runtime\Engine\Spatial\MeshBVH.h">
      <Filter>Source\Runtime\Engine\Spatial</Filter>
    </ClInclude>
    <ClInclude Include="Source\Runtime\Engine\Spatial\Occlusion.h">
      <Filter>Source\Runtime\Engine\Spatial</Filter>
    </ClInclude>
    <ClInclude Include="Source\Runtime\Engine\Spatial\Octree.h">
      <Filter>Source\Runtime\Engine\Spatial</Filter>
    </ClInclude>
    <ClInclude Include="Source\Runtime\Engine\Spatial\WorldPartitionManager.h">
      <Filter>Source\Runtime\Engine\Spatial</Filter>
    </ClInclude>
    <ClInclude Include="Source\Runtime\RHI\SwapGuard.h">
      <Filter>Source\Runtime\RHI</Filter>
    </ClInclude>
    <ClInclude Include="Source\Runtime\RHI\ConstantBufferType.h">
      <Filter>Source\Runtime\RHI</Filter>
    </ClInclude>
    <ClInclude Include="Source\Runtime\RHI\D3D11RHI.h">
      <Filter>Source\Runtime\RHI</Filter>
    </ClInclude>
    <ClInclude Include="Source\Runtime\RHI\PipelineStateManager.h">
      <Filter>Source\Runtime\RHI</Filter>
    </ClInclude>
    <ClInclude Include="Source\Runtime\RHI\PipelineStateObject.h">
      <Filter>Source\Runtime\RHI</Filter>
    </ClInclude>
    <ClInclude Include="Source\Runtime\RHI\RHIDevice.h">
      <Filter>Source\Runtime\RHI</Filter>
    </ClInclude>
    <ClInclude Include="Source\Runtime\AssetManagement\Cube.h">
      <Filter>Source\Runtime\AssetManagement</Filter>
    </ClInclude>
    <ClInclude Include="Source\Runtime\AssetManagement\DynamicMesh.h">
      <Filter>Source\Runtime\AssetManagement</Filter>
    </ClInclude>
    <ClInclude Include="Source\Runtime\AssetManagement\Line.h">
      <Filter>Source\Runtime\AssetManagement</Filter>
    </ClInclude>
    <ClInclude Include="Source\Runtime\AssetManagement\LineDynamicMesh.h">
      <Filter>Source\Runtime\AssetManagement</Filter>
    </ClInclude>
    <ClInclude Include="Source\Runtime\AssetManagement\MeshLoader.h">
      <Filter>Source\Runtime\AssetManagement</Filter>
    </ClInclude>
    <ClInclude Include="Source\Runtime\AssetManagement\Quad.h">
      <Filter>Source\Runtime\AssetManagement</Filter>
    </ClInclude>
    <ClInclude Include="Source\Runtime\AssetManagement\ResourceBase.h">
      <Filter>Source\Runtime\AssetManagement</Filter>
    </ClInclude>
    <ClInclude Include="Source\Runtime\AssetManagement\ResourceManager.h">
      <Filter>Source\Runtime\AssetManagement</Filter>
    </ClInclude>
    <ClInclude Include="Source\Runtime\AssetManagement\StaticMesh.h">
      <Filter>Source\Runtime\AssetManagement</Filter>
    </ClInclude>
    <ClInclude Include="Source\Runtime\AssetManagement\Texture.h">
      <Filter>Source\Runtime\AssetManagement</Filter>
    </ClInclude>
    <ClInclude Include="Source\Runtime\AssetManagement\TextureConverter.h">
      <Filter>Source\Runtime\AssetManagement</Filter>
    </ClInclude>
    <ClInclude Include="Source\Runtime\AssetManagement\Triangle.h">
      <Filter>Source\Runtime\AssetManagement</Filter>
    </ClInclude>
    <ClInclude Include="Source\Runtime\InputCore\InputMappingTypes.h">
      <Filter>Source\Runtime\InputCore</Filter>
    </ClInclude>
    <ClInclude Include="Source\Runtime\InputCore\InputMappingContext.h">
      <Filter>Source\Runtime\InputCore</Filter>
    </ClInclude>
    <ClInclude Include="Source\Runtime\InputCore\InputMappingSubsystem.h">
      <Filter>Source\Runtime\InputCore</Filter>
    </ClInclude>
    <ClInclude Include="Source\Runtime\InputCore\InputManager.h">
      <Filter>Source\Runtime\InputCore</Filter>
    </ClInclude>
    <ClInclude Include="Source\Editor\ImGuiConsole.h">
      <Filter>Source\Editor</Filter>
    </ClInclude>
    <ClInclude Include="Source\Editor\ObjManager.h">
      <Filter>Source\Editor</Filter>
    </ClInclude>
    <ClInclude Include="Source\Editor\SelectionManager.h">
      <Filter>Source\Editor</Filter>
    </ClInclude>
    <ClInclude Include="Source\Editor\Gizmo\GizmoActor.h">
      <Filter>Source\Editor\Gizmo</Filter>
    </ClInclude>
    <ClInclude Include="Source\Editor\Gizmo\GizmoArrowComponent.h">
      <Filter>Source\Editor\Gizmo</Filter>
    </ClInclude>
    <ClInclude Include="Source\Editor\Gizmo\GizmoRotateComponent.h">
      <Filter>Source\Editor\Gizmo</Filter>
    </ClInclude>
    <ClInclude Include="Source\Editor\Gizmo\GizmoScaleComponent.h">
      <Filter>Source\Editor\Gizmo</Filter>
    </ClInclude>
    <ClInclude Include="Source\Editor\Grid\Grid.h">
      <Filter>Source\Editor\Grid</Filter>
    </ClInclude>
    <ClInclude Include="Source\Editor\Grid\GridActor.h">
      <Filter>Source\Editor\Grid</Filter>
    </ClInclude>
    <ClInclude Include="Source\Editor\Clipboard\ClipboardManager.h">
      <Filter>Source\Editor\Clipboard</Filter>
    </ClInclude>
    <ClInclude Include="Source\Slate\GlobalConsole.h">
      <Filter>Source\Slate</Filter>
    </ClInclude>
    <ClInclude Include="Source\Slate\StatsOverlayD2D.h">
      <Filter>Source\Slate</Filter>
    </ClInclude>
    <ClInclude Include="Source\Slate\UIManager.h">
      <Filter>Source\Slate</Filter>
    </ClInclude>
    <ClInclude Include="Source\Slate\USlateManager.h">
      <Filter>Source\Slate</Filter>
    </ClInclude>
    <ClInclude Include="Source\Slate\Widgets\PropertyRenderer.h">
      <Filter>Source\Slate\Widgets</Filter>
    </ClInclude>
    <ClInclude Include="Source\Slate\Widgets\ConsoleWidget.h">
      <Filter>Source\Slate\Widgets</Filter>
    </ClInclude>
    <ClInclude Include="Source\Slate\Widgets\InputInformationWidget.h">
      <Filter>Source\Slate\Widgets</Filter>
    </ClInclude>
    <ClInclude Include="Source\Slate\Widgets\MainToolbarWidget.h">
      <Filter>Source\Slate\Widgets</Filter>
    </ClInclude>
    <ClInclude Include="Source\Slate\Widgets\SceneManagerWidget.h">
      <Filter>Source\Slate\Widgets</Filter>
    </ClInclude>
    <ClInclude Include="Source\Slate\Widgets\TargetActorTransformWidget.h">
      <Filter>Source\Slate\Widgets</Filter>
    </ClInclude>
    <ClInclude Include="Source\Slate\Widgets\Widget.h">
      <Filter>Source\Slate\Widgets</Filter>
    </ClInclude>
    <ClInclude Include="Source\Slate\Windows\ConsoleWindow.h">
      <Filter>Source\Slate\Windows</Filter>
    </ClInclude>
    <ClInclude Include="Source\Slate\Windows\ControlPanelWindow.h">
      <Filter>Source\Slate\Windows</Filter>
    </ClInclude>
    <ClInclude Include="Source\Slate\Windows\ExperimentalFeatureWindow.h">
      <Filter>Source\Slate\Windows</Filter>
    </ClInclude>
    <ClInclude Include="Source\Slate\Windows\PropertyWindow.h">
      <Filter>Source\Slate\Windows</Filter>
    </ClInclude>
    <ClInclude Include="Source\Slate\Windows\SceneWindow.h">
      <Filter>Source\Slate\Windows</Filter>
    </ClInclude>
    <ClInclude Include="Source\Slate\Windows\SControlPanel.h">
      <Filter>Source\Slate\Windows</Filter>
    </ClInclude>
    <ClInclude Include="Source\Slate\Windows\SDetailsWindow.h">
      <Filter>Source\Slate\Windows</Filter>
    </ClInclude>
    <ClInclude Include="Source\Slate\Windows\SSplitter.h">
      <Filter>Source\Slate\Windows</Filter>
    </ClInclude>
    <ClInclude Include="Source\Slate\Windows\SSplitterH.h">
      <Filter>Source\Slate\Windows</Filter>
    </ClInclude>
    <ClInclude Include="Source\Slate\Windows\SSplitterV.h">
      <Filter>Source\Slate\Windows</Filter>
    </ClInclude>
    <ClInclude Include="Source\Slate\Windows\SViewportWindow.h">
      <Filter>Source\Slate\Windows</Filter>
    </ClInclude>
    <ClInclude Include="Source\Slate\Windows\SWindow.h">
      <Filter>Source\Slate\Windows</Filter>
    </ClInclude>
    <ClInclude Include="Source\Slate\Windows\UIWindow.h">
      <Filter>Source\Slate\Windows</Filter>
    </ClInclude>
    <ClInclude Include="Source\Slate\Factory\UIWindowFactory.h">
      <Filter>Source\Slate\Factory</Filter>
    </ClInclude>
    <ClInclude Include="Source\Slate\ImGui\ImGuiHelper.h">
      <Filter>Source\Slate\ImGui</Filter>
    </ClInclude>
    <ClInclude Include="ThirdParty\ImGui\imconfig.h">
      <Filter>ThirdParty\ImGui</Filter>
    </ClInclude>
    <ClInclude Include="ThirdParty\ImGui\imgui.h">
      <Filter>ThirdParty\ImGui</Filter>
    </ClInclude>
    <ClInclude Include="ThirdParty\ImGui\imgui_impl_dx11.h">
      <Filter>ThirdParty\ImGui</Filter>
    </ClInclude>
    <ClInclude Include="ThirdParty\ImGui\imgui_impl_win32.h">
      <Filter>ThirdParty\ImGui</Filter>
    </ClInclude>
    <ClInclude Include="ThirdParty\ImGui\imgui_internal.h">
      <Filter>ThirdParty\ImGui</Filter>
    </ClInclude>
    <ClInclude Include="ThirdParty\ImGui\imstb_rectpack.h">
      <Filter>ThirdParty\ImGui</Filter>
    </ClInclude>
    <ClInclude Include="ThirdParty\ImGui\imstb_textedit.h">
      <Filter>ThirdParty\ImGui</Filter>
    </ClInclude>
    <ClInclude Include="ThirdParty\ImGui\imstb_truetype.h">
      <Filter>ThirdParty\ImGui</Filter>
    </ClInclude>
    <ClInclude Include="Source\Runtime\Engine\Camera\CameraModifier.h">
      <Filter>Source\Runtime\Engine\Camera</Filter>
    </ClInclude>
    <ClInclude Include="Source\Runtime\Engine\Camera\CameraModifierFade.h" />
    <ClInclude Include="Source\Runtime\Engine\Camera\CameraModifierGammaCorrection.h" />
    <ClInclude Include="Source\Runtime\Engine\Camera\CameraModifierLetterbox.h" />
    <ClInclude Include="Source\Runtime\Engine\Camera\CameraModifierVignette.h" />
  </ItemGroup>
  <ItemGroup>
    <Filter Include="Shaders">
      <UniqueIdentifier>{148a7c98-572c-46ca-a0f7-820dab80aebe}</UniqueIdentifier>
    </Filter>
    <Filter Include="Shaders\PostProcess">
      <UniqueIdentifier>{c24a2de7-539d-4ea7-b0d9-c7d6977ece67}</UniqueIdentifier>
    </Filter>
    <Filter Include="Shaders\Materials">
      <UniqueIdentifier>{55555582-71ad-46f7-9c26-5e999f7801a5}</UniqueIdentifier>
    </Filter>
    <Filter Include="Source">
      <UniqueIdentifier>{4185aeeb-8dd1-47c3-8a24-3ad3d1cdc4ae}</UniqueIdentifier>
    </Filter>
    <Filter Include="Source\Runtime">
      <UniqueIdentifier>{89c8b544-f64b-4854-9ea1-435dbc2d4876}</UniqueIdentifier>
    </Filter>
    <Filter Include="Source\Runtime\Core">
      <UniqueIdentifier>{81340c11-8e67-4ce5-a8d3-a0745dc09acc}</UniqueIdentifier>
    </Filter>
    <Filter Include="Source\Runtime\Core\Delegates">
      <UniqueIdentifier>{3b297ea0-12b0-4627-a213-48831d6e6413}</UniqueIdentifier>
    </Filter>
    <Filter Include="Source\Runtime\Engine">
      <UniqueIdentifier>{5de7bf6a-bf64-4bfa-be53-9f722abfae8f}</UniqueIdentifier>
    </Filter>
    <Filter Include="Source\Runtime\Engine\Camera">
      <UniqueIdentifier>{4151b76b-18d1-4606-964a-e1dce305c5ac}</UniqueIdentifier>
    </Filter>
    <Filter Include="Source\Runtime\Engine\GameFramework">
      <UniqueIdentifier>{6cef79d1-38a9-45d4-ab14-f3ca757e2840}</UniqueIdentifier>
    </Filter>
    <Filter Include="Source\Runtime\Engine\Spatial">
      <UniqueIdentifier>{771538bc-6670-41e4-bbf2-785225ad348b}</UniqueIdentifier>
    </Filter>
    <Filter Include="Source\Runtime\Core\Game">
      <UniqueIdentifier>{79cb0b76-c70a-439a-9c96-029d7712081e}</UniqueIdentifier>
    </Filter>
    <Filter Include="Source\Runtime\Core\Math">
      <UniqueIdentifier>{3364f379-a912-48c4-bb4e-a0290fbfb2b0}</UniqueIdentifier>
    </Filter>
    <Filter Include="Source\Runtime\Engine\Collision">
      <UniqueIdentifier>{fd377631-22b3-44a3-a4c7-48d35b54de8a}</UniqueIdentifier>
    </Filter>
    <Filter Include="Source\Runtime\Engine\Components">
      <UniqueIdentifier>{13a94bc2-4859-42c6-9482-317167640877}</UniqueIdentifier>
    </Filter>
    <Filter Include="Source\Runtime\Engine\GameplayStatic">
      <UniqueIdentifier>{f2132c6c-422d-41d8-8956-3fe610d9e5a2}</UniqueIdentifier>
    </Filter>
    <Filter Include="Source\Runtime\ScriptSys">
      <UniqueIdentifier>{4c231c18-c062-445b-bbe7-23dd76a0197d}</UniqueIdentifier>
    </Filter>
    <Filter Include="Source\Slate">
      <UniqueIdentifier>{e6902a16-9c12-49ac-9bc5-a7ff330c72d6}</UniqueIdentifier>
    </Filter>
    <Filter Include="Source\Slate\Windows">
      <UniqueIdentifier>{7ad6c50e-b1e5-49af-9212-4ea28272ce72}</UniqueIdentifier>
    </Filter>
    <Filter Include="Source\Slate\Widgets">
      <UniqueIdentifier>{8f8d1071-75ee-42f4-9e82-aa05516d3b2f}</UniqueIdentifier>
    </Filter>
    <Filter Include="Source\Runtime\Core\Misc">
      <UniqueIdentifier>{c8b67b2a-0f5f-4724-abeb-22d581d02c52}</UniqueIdentifier>
    </Filter>
    <Filter Include="Source\Runtime\Renderer">
      <UniqueIdentifier>{d57e8523-eaf4-4d50-bd9f-287dfd64b32c}</UniqueIdentifier>
    </Filter>
    <Filter Include="Source\Runtime\Core\Object">
      <UniqueIdentifier>{8fa15d28-499a-49cb-88b5-64e847326869}</UniqueIdentifier>
    </Filter>
    <Filter Include="Source\Runtime\Core\Containers">
      <UniqueIdentifier>{ce451dc6-1fda-443b-8d5b-dbe3ffa94ff1}</UniqueIdentifier>
    </Filter>
    <Filter Include="Source\Runtime\Core\Memory">
      <UniqueIdentifier>{ed9aeab2-d94a-4240-bae7-18055ceb1c95}</UniqueIdentifier>
    </Filter>
    <Filter Include="Source\Runtime\RHI">
      <UniqueIdentifier>{77a0c870-fd11-4b26-9f1c-bcccdbbef089}</UniqueIdentifier>
    </Filter>
    <Filter Include="Source\Runtime\AssetManagement">
      <UniqueIdentifier>{b8d4ae96-68a3-4394-8427-77012a23c852}</UniqueIdentifier>
    </Filter>
    <Filter Include="Source\Runtime\InputCore">
      <UniqueIdentifier>{accf5c24-1249-42f8-8c8c-780b78a15b07}</UniqueIdentifier>
    </Filter>
    <Filter Include="Source\Editor">
      <UniqueIdentifier>{bbee6dae-1079-481c-8482-142e85a8133c}</UniqueIdentifier>
    </Filter>
    <Filter Include="Source\Editor\Gizmo">
      <UniqueIdentifier>{89952c55-6541-48a5-bf78-ec667844a0a6}</UniqueIdentifier>
    </Filter>
    <Filter Include="Source\Editor\Grid">
      <UniqueIdentifier>{c8112503-0d85-41b7-a883-43bb378cd70c}</UniqueIdentifier>
    </Filter>
    <Filter Include="Source\Editor\Clipboard">
      <UniqueIdentifier>{09c16456-b178-4f9b-8c37-8e6dcb195f23}</UniqueIdentifier>
    </Filter>
    <Filter Include="Source\Slate\Factory">
      <UniqueIdentifier>{45003176-059e-40c9-a7af-48b5a6374af2}</UniqueIdentifier>
    </Filter>
    <Filter Include="Source\Slate\ImGui">
      <UniqueIdentifier>{d5254ed2-e9ea-4ec2-beb0-fc6921889c1d}</UniqueIdentifier>
    </Filter>
    <Filter Include="Shaders\Common">
      <UniqueIdentifier>{a874f462-441f-4ed9-8176-8df6b808fb5c}</UniqueIdentifier>
    </Filter>
    <Filter Include="Shaders\Effects">
      <UniqueIdentifier>{4c6ed7f5-ed38-47d9-9aa7-3e38daf3a5d9}</UniqueIdentifier>
    </Filter>
    <Filter Include="Shaders\Utility">
      <UniqueIdentifier>{b2dd2039-aab0-4260-97cc-56aba41518c8}</UniqueIdentifier>
    </Filter>
    <Filter Include="Shaders\UI">
      <UniqueIdentifier>{30e2a43f-3df4-4cf0-a723-d866b2965d22}</UniqueIdentifier>
    </Filter>
    <Filter Include="Shaders\Shadows">
      <UniqueIdentifier>{b0830952-a487-4830-8409-bb81745c6126}</UniqueIdentifier>
    </Filter>
    <Filter Include="ThirdParty">
      <UniqueIdentifier>{d7cf7d47-aa3e-4c6a-a0d6-46be0f279580}</UniqueIdentifier>
    </Filter>
    <Filter Include="ThirdParty\ImGui">
      <UniqueIdentifier>{346ab5e5-7468-4a94-8536-d11b2a3a1762}</UniqueIdentifier>
    </Filter>
  </ItemGroup>
</Project>
